
Microsoft Visual Studio Solution File, Format Version 12.00
# Visual Studio Version 16
VisualStudioVersion = 16.0.31402.337
MinimumVisualStudioVersion = 10.0.40219.1
Project("{FAE04EC0-301F-11D3-BF4B-00C04F79EFBC}") = "Task1", "Lessons\Task1.csproj", "{52C11308-5A2E-426A-B3FB-CE4CA69D384C}"
EndProject
Project("{FAE04EC0-301F-11D3-BF4B-00C04F79EFBC}") = "Task2", "Task2\Task2.csproj", "{8002A3DF-C236-4D07-9EB5-DCE7AFCB8DA8}"
EndProject
Project("{FAE04EC0-301F-11D3-BF4B-00C04F79EFBC}") = "Space", "Task3\Space.csproj", "{5F619936-6799-44AD-8974-692A3DA443EA}"
EndProject
Global
	GlobalSection(SolutionConfigurationPlatforms) = preSolution
		Debug|Any CPU = Debug|Any CPU
		Release|Any CPU = Release|Any CPU
	EndGlobalSection
	GlobalSection(ProjectConfigurationPlatforms) = postSolution
		{52C11308-5A2E-426A-B3FB-CE4CA69D384C}.Debug|Any CPU.ActiveCfg = Debug|Any CPU
		{52C11308-5A2E-426A-B3FB-CE4CA69D384C}.Debug|Any CPU.Build.0 = Debug|Any CPU
		{52C11308-5A2E-426A-B3FB-CE4CA69D384C}.Release|Any CPU.ActiveCfg = Release|Any CPU
		{52C11308-5A2E-426A-B3FB-CE4CA69D384C}.Release|Any CPU.Build.0 = Release|Any CPU
		{8002A3DF-C236-4D07-9EB5-DCE7AFCB8DA8}.Debug|Any CPU.ActiveCfg = Debug|Any CPU
		{8002A3DF-C236-4D07-9EB5-DCE7AFCB8DA8}.Debug|Any CPU.Build.0 = Debug|Any CPU
		{8002A3DF-C236-4D07-9EB5-DCE7AFCB8DA8}.Release|Any CPU.ActiveCfg = Release|Any CPU
		{8002A3DF-C236-4D07-9EB5-DCE7AFCB8DA8}.Release|Any CPU.Build.0 = Release|Any CPU
		{5F619936-6799-44AD-8974-692A3DA443EA}.Debug|Any CPU.ActiveCfg = Debug|Any CPU
		{5F619936-6799-44AD-8974-692A3DA443EA}.Debug|Any CPU.Build.0 = Debug|Any CPU
		{5F619936-6799-44AD-8974-692A3DA443EA}.Release|Any CPU.ActiveCfg = Release|Any CPU
		{5F619936-6799-44AD-8974-692A3DA443EA}.Release|Any CPU.Build.0 = Release|Any CPU
	EndGlobalSection
	GlobalSection(SolutionProperties) = preSolution
		HideSolutionNode = FALSE
	EndGlobalSection
	GlobalSection(ExtensibilityGlobals) = postSolution
		SolutionGuid = {3B526BE8-DDF3-49CF-99B1-480287133D34}
	EndGlobalSection
EndGlobal
